# This file was autogenerated by Stack.
# You should not edit this file by hand.
# For more information, please see the documentation at:
#   https://docs.haskellstack.org/en/stable/lock_files

packages:
- completed:
    hackage: resource-pool-0.3.1.0@sha256:dbaadfcc3c1be5391336e2016b28bb2d0c534f245ba9f5af5ed1d5125afc8c1a,1280
    pantry-tree:
      sha256: e2fc51ec2b5a126caab04688b40ec64fd6f7e3d9251e947a87c5ce3a6bc447bc
      size: 406
  original:
    hackage: resource-pool-0.3.1.0
- completed:
    name: share-auth
    pantry-tree:
      sha256: 21875c728cbb11e0f7fc23d4268aa428fe1101824e913bfc2ca8a5922b4c6f21
      size: 1894
    sha256: af1ef3007650b319fd32eaba3ab184d9dbb7bd19ef2997c50f686fab49a04bae
    size: 551830
    subdir: share-auth
    url: https://github.com/unisoncomputing/share-api/archive/1289a64fe04c22e8b62b640660d4abb22e384c89.tar.gz
    version: 0.1.0.0
  original:
    subdir: share-auth
    url: https://github.com/unisoncomputing/share-api/archive/1289a64fe04c22e8b62b640660d4abb22e384c89.tar.gz
- completed:
    name: share-utils
    pantry-tree:
      sha256: 4ee1010a02f8d509b5bcaadae82818d39f712c8c64be3873604c82742c70a5b0
      size: 950
    sha256: af1ef3007650b319fd32eaba3ab184d9dbb7bd19ef2997c50f686fab49a04bae
    size: 551830
    subdir: share-utils
    url: https://github.com/unisoncomputing/share-api/archive/1289a64fe04c22e8b62b640660d4abb22e384c89.tar.gz
    version: 0.1.0.0
  original:
    subdir: share-utils
    url: https://github.com/unisoncomputing/share-api/archive/1289a64fe04c22e8b62b640660d4abb22e384c89.tar.gz
- completed:
    name: amazonka
    pantry-tree:
      sha256: 01c7121bd5e4a3918a71ea6502412292c97facf20c9620f07af96e423d6437e2
      size: 1528
    sha256: 2347d1449fdbb0f6596415862eff26215a6d8b9bd83ef9db63a7f5148a42a310
    size: 34734021
    subdir: lib/amazonka
    url: https://github.com/brendanhay/amazonka/archive/e081929d5a81f30397c9c9a219b154da1a922fb8.tar.gz
    version: '2.0'
  original:
    subdir: lib/amazonka
    url: https://github.com/brendanhay/amazonka/archive/e081929d5a81f30397c9c9a219b154da1a922fb8.tar.gz
- completed:
    name: amazonka-core
    pantry-tree:
      sha256: 46e7e4de910b08ee2df98db9cda2becf388ce49510024018289a46c43e175ee0
      size: 3222
    sha256: 2347d1449fdbb0f6596415862eff26215a6d8b9bd83ef9db63a7f5148a42a310
    size: 34734021
    subdir: lib/amazonka-core
    url: https://github.com/brendanhay/amazonka/archive/e081929d5a81f30397c9c9a219b154da1a922fb8.tar.gz
    version: '2.0'
  original:
    subdir: lib/amazonka-core
    url: https://github.com/brendanhay/amazonka/archive/e081929d5a81f30397c9c9a219b154da1a922fb8.tar.gz
- completed:
    name: amazonka-s3
    pantry-tree:
      sha256: 49f801400582ef0ca290312243b55e6e3c540c0c94c1a3110735bc400386fefb
      size: 38690
    sha256: 2347d1449fdbb0f6596415862eff26215a6d8b9bd83ef9db63a7f5148a42a310
    size: 34734021
    subdir: lib/services/amazonka-s3
    url: https://github.com/brendanhay/amazonka/archive/e081929d5a81f30397c9c9a219b154da1a922fb8.tar.gz
    version: '2.0'
  original:
    subdir: lib/services/amazonka-s3
    url: https://github.com/brendanhay/amazonka/archive/e081929d5a81f30397c9c9a219b154da1a922fb8.tar.gz
- completed:
    name: amazonka-sts
    pantry-tree:
      sha256: bde4691af7cac74e0a3705271b4d3ac05515863bfb6f668112e3f3950a27cb41
      size: 2880
    sha256: 2347d1449fdbb0f6596415862eff26215a6d8b9bd83ef9db63a7f5148a42a310
    size: 34734021
    subdir: lib/services/amazonka-sts
    url: https://github.com/brendanhay/amazonka/archive/e081929d5a81f30397c9c9a219b154da1a922fb8.tar.gz
    version: '2.0'
  original:
    subdir: lib/services/amazonka-sts
    url: https://github.com/brendanhay/amazonka/archive/e081929d5a81f30397c9c9a219b154da1a922fb8.tar.gz
- completed:
    name: amazonka-sso
    pantry-tree:
      sha256: f87dd959a78bf54295bd6f8c7da58f7f8f860251d5548ecb05ab758e03cba50b
      size: 1817
    sha256: 2347d1449fdbb0f6596415862eff26215a6d8b9bd83ef9db63a7f5148a42a310
    size: 34734021
    subdir: lib/services/amazonka-sso
    url: https://github.com/brendanhay/amazonka/archive/e081929d5a81f30397c9c9a219b154da1a922fb8.tar.gz
    version: '2.0'
  original:
    subdir: lib/services/amazonka-sso
    url: https://github.com/brendanhay/amazonka/archive/e081929d5a81f30397c9c9a219b154da1a922fb8.tar.gz
- completed:
    hackage: fuzzyfind-3.0.2@sha256:0fcd64eb1016fe0d0232abc26b2b80b32d676707ff41d155a28df8a9572603d4,1921
    pantry-tree:
      sha256: 5bb9d39dbc4a619cf9b65409dde0d58dd488c7abab030f71ac83ba849595ee05
      size: 542
  original:
    hackage: fuzzyfind-3.0.2@sha256:0fcd64eb1016fe0d0232abc26b2b80b32d676707ff41d155a28df8a9572603d4,1921
- completed:
    hackage: hasql-1.8.1.1@sha256:fca990145dcb255a769248452b160edc5381b930f9739c1cb6ad9dd83a52e4cb,5674
    pantry-tree:
      sha256: ee285302e2c9ac4b148ec4f35b1ff01fb4604d1d02d362a54f646b5b74c491d3
      size: 3438
  original:
    hackage: hasql-1.8.1.1
- completed:
    hackage: hasql-pool-1.2.0.2@sha256:621e3997d701b424a777fc6cd0218e385c89dff9417a933305d19b03820deb3f,2389
    pantry-tree:
      sha256: 8dd1ee8e3a41894266708e28076a902c8d51b275af22c3f182d6bfe219ea7fa7
      size: 982
  original:
    hackage: hasql-pool-1.2.0.2
- completed:
    hackage: hasql-interpolate-1.0.1.0@sha256:a31848665e8f9d96c369f536a4cb00137dc288bcf02401f5b25977b165e58836,3331
    pantry-tree:
      sha256: 0b1a4ef29f2515ba3eb70f88b93baaf0652672d477602eaf024501e4c8f5633b
      size: 1276
  original:
    hackage: hasql-interpolate-1.0.1.0
- completed:
    hackage: monad-validate-1.3.0.0@sha256:eb6ddd5c9cf72ff0563cba604fa00291376e96138fdb4932d00ff3a99d66706e,2605
    pantry-tree:
      sha256: 0b2a3a57be48fcc739708b214fca202f1e95b1cd773dd3bb9589d3007cf8cf5e
      size: 611
  original:
    hackage: monad-validate-1.3.0.0@sha256:eb6ddd5c9cf72ff0563cba604fa00291376e96138fdb4932d00ff3a99d66706e,2605
- completed:
    hackage: postgresql-binary-0.14@sha256:3f3518f841cf80b107862800715bc64f43c2c71696c4129f63404c1ff61cc919,4025
    pantry-tree:
      sha256: 29cfa313f2642c8b1d3ca15afbd2911ab842ae130e65d99fb5f18e8a24df8c88
      size: 1661
  original:
    hackage: postgresql-binary-0.14@sha256:3f3518f841cf80b107862800715bc64f43c2c71696c4129f63404c1ff61cc919,4025
- completed:
    hackage: postgresql-libpq-0.10.1.0@sha256:6a45edff0a9e30b32cda6e443107950492322622c4fbefc8fb4dcf6452dcf0b4,3203
    pantry-tree:
      sha256: 1c0120f2cd6d15bfdf64060ebde4b037f01381a8d04d188d753b43e1c978d164
      size: 1096
  original:
    hackage: postgresql-libpq-0.10.1.0@sha256:6a45edff0a9e30b32cda6e443107950492322622c4fbefc8fb4dcf6452dcf0b4,3203
- completed:
    hackage: guid-0.1.0@sha256:a7c975be473f6f142d5cc1b39bc807a99043d20b1bb0873fdfe7a3ce84d2faf1,1078
    pantry-tree:
      sha256: a33838b7b1c54f6ac3e1b436b25674948713a4189658e4d82e639b9a689bc90d
      size: 364
  original:
    hackage: guid-0.1.0@sha256:a7c975be473f6f142d5cc1b39bc807a99043d20b1bb0873fdfe7a3ce84d2faf1,1078
- completed:
    hackage: lock-file-0.7.0.0@sha256:3ad84b5e454145e1d928063b56abb96db24a99a21b493989520e58fa0ab37b00,4484
    pantry-tree:
      sha256: 3634593ce191e82793ea0e060598ab3cf67f2ef2fe1d65345dc9335ad529d25f
      size: 718
  original:
    hackage: lock-file-0.7.0.0@sha256:3ad84b5e454145e1d928063b56abb96db24a99a21b493989520e58fa0ab37b00,4484
- completed:
    hackage: raven-haskell-0.1.4.1@sha256:0d27e37968327faba577558a2ee4465ebfd3b6929b09cf4881dfa62a6873c85a,1393
    pantry-tree:
      sha256: 1ecea1bcd6e0838239c27c924cbf8a3ffd4df439eca2bf310cabd043fd4644f8
      size: 632
  original:
    hackage: raven-haskell-0.1.4.1@sha256:0d27e37968327faba577558a2ee4465ebfd3b6929b09cf4881dfa62a6873c85a,1393
- completed:
    hackage: recover-rtti-0.4.2@sha256:c179a303921126d8d782264e14f386c96e54a270df74be002e4c4ec3c8c7aebd,4529
    pantry-tree:
      sha256: ad6f24481ebd25a1456d5dfaf08d48d95394ce83eb82a267e01d87d34f13bb83
      size: 2488
  original:
    hackage: recover-rtti-0.4.2@sha256:c179a303921126d8d782264e14f386c96e54a270df74be002e4c4ec3c8c7aebd,4529
- completed:
    hackage: strings-1.1@sha256:0285dec4c8ab262359342b3e5ef1eb567074669461b9b38404f1cb870c881c5c,1617
    pantry-tree:
      sha256: 876e5a679244143e2a7e74357427c7522a8d61f68a4cc3ae265fe4960b75a2e2
      size: 212
  original:
    hackage: strings-1.1@sha256:0285dec4c8ab262359342b3e5ef1eb567074669461b9b38404f1cb870c881c5c,1617
- completed:
    hackage: crypton-0.33@sha256:5e92f29b9b7104d91fcdda1dec9400c9ad1f1791c231cc41ceebd783fb517dee,18202
    pantry-tree:
      sha256: 38809499d7f9775ef45cd29ab5c3dc9b283a813f34c1cdc56681b24f8cf8bb4f
      size: 23148
  original:
    hackage: crypton-0.33@sha256:5e92f29b9b7104d91fcdda1dec9400c9ad1f1791c231cc41ceebd783fb517dee,18202
snapshots:
- completed:
    sha256: 8e7996960d864443a66eb4105338bbdd6830377b9f6f99cd5527ef73c10c01e7
    size: 719128
    url: https://raw.githubusercontent.com/commercialhaskell/stackage-snapshots/master/lts/22/26.yaml
  original: lts-22.26
